
Microsoft Visual Studio Solution File, Format Version 12.00
Project("{FAE04EC0-301F-11D3-BF4B-00C04F79EFBC}") = "Tests", "Tests\Tests.csproj", "{C0635240-08DD-4251-9D5A-22DC388D4CD7}"
EndProject
Project("{FAE04EC0-301F-11D3-BF4B-00C04F79EFBC}") = "Problems", "Problems\Problems.csproj", "{5735F7FA-4CE5-4FC1-A84A-AAE1DBF49121}"
EndProject
Global
	GlobalSection(SolutionConfigurationPlatforms) = preSolution
		Debug|Any CPU = Debug|Any CPU
		Release|Any CPU = Release|Any CPU
	EndGlobalSection
	GlobalSection(ProjectConfigurationPlatforms) = postSolution
		{C0635240-08DD-4251-9D5A-22DC388D4CD7}.Debug|Any CPU.ActiveCfg = Debug|Any CPU
		{C0635240-08DD-4251-9D5A-22DC388D4CD7}.Debug|Any CPU.Build.0 = Debug|Any CPU
		{C0635240-08DD-4251-9D5A-22DC388D4CD7}.Release|Any CPU.ActiveCfg = Release|Any CPU
		{C0635240-08DD-4251-9D5A-22DC388D4CD7}.Release|Any CPU.Build.0 = Release|Any CPU
		{5735F7FA-4CE5-4FC1-A84A-AAE1DBF49121}.Debug|Any CPU.ActiveCfg = Debug|Any CPU
		{5735F7FA-4CE5-4FC1-A84A-AAE1DBF49121}.Debug|Any CPU.Build.0 = Debug|Any CPU
		{5735F7FA-4CE5-4FC1-A84A-AAE1DBF49121}.Release|Any CPU.ActiveCfg = Release|Any CPU
		{5735F7FA-4CE5-4FC1-A84A-AAE1DBF49121}.Release|Any CPU.Build.0 = Release|Any CPU
	EndGlobalSection
EndGlobal
